
Microsoft Visual Studio Solution File, Format Version 12.00
# Visual Studio Version 16
VisualStudioVersion = 16.0.29306.81
MinimumVisualStudioVersion = 10.0.40219.1
Project("{9A19103F-16F7-4668-BE54-9A1E7A4F7556}") = "NotificationHub", "NotificationHub\NotificationHub.csproj", "{0FAA2F37-B9E1-4169-BF87-B0C0D17D19D8}"
EndProject
Global
	GlobalSection(SolutionConfigurationPlatforms) = preSolution
		Debug|Any CPU = Debug|Any CPU
		Release|Any CPU = Release|Any CPU
	EndGlobalSection
	GlobalSection(ProjectConfigurationPlatforms) = postSolution
		{0FAA2F37-B9E1-4169-BF87-B0C0D17D19D8}.Debug|Any CPU.ActiveCfg = Debug|Any CPU
		{0FAA2F37-B9E1-4169-BF87-B0C0D17D19D8}.Debug|Any CPU.Build.0 = Debug|Any CPU
		{0FAA2F37-B9E1-4169-BF87-B0C0D17D19D8}.Release|Any CPU.ActiveCfg = Release|Any CPU
		{0FAA2F37-B9E1-4169-BF87-B0C0D17D19D8}.Release|Any CPU.Build.0 = Release|Any CPU
	EndGlobalSection
	GlobalSection(SolutionProperties) = preSolution
		HideSolutionNode = FALSE
	EndGlobalSection
	GlobalSection(ExtensibilityGlobals) = postSolution
		SolutionGuid = {CDBC216A-B969-4139-9FDB-0CA159E0BF3F}
	EndGlobalSection
EndGlobal
